
Microsoft Visual Studio Solution File, Format Version 12.00
# Visual Studio Version 17
VisualStudioVersion = 17.0.31912.275
MinimumVisualStudioVersion = 10.0.40219.1
Project("{8BC9CEB8-8B4A-11D0-8D11-00A0C91BC942}") = "Arsenal21", "Arsenal21.vcxproj", "{0BBFD245-1D46-49A8-B6A1-C0C2AFC2B833}"
EndProject
Global
	GlobalSection(SolutionConfigurationPlatforms) = preSolution
		Debug|x64 = Debug|x64
		Debug|x86 = Debug|x86
		Release|x64 = Release|x64
		Release|x86 = Release|x86
	EndGlobalSection
	GlobalSection(ProjectConfigurationPlatforms) = postSolution
		{0BBFD245-1D46-49A8-B6A1-C0C2AFC2B833}.Debug|x64.ActiveCfg = Debug|x64
		{0BBFD245-1D46-49A8-B6A1-C0C2AFC2B833}.Debug|x64.Build.0 = Debug|x64
		{0BBFD245-1D46-49A8-B6A1-C0C2AFC2B833}.Debug|x86.ActiveCfg = Debug|Win32
		{0BBFD245-1D46-49A8-B6A1-C0C2AFC2B833}.Debug|x86.Build.0 = Debug|Win32
		{0BBFD245-1D46-49A8-B6A1-C0C2AFC2B833}.Release|x64.ActiveCfg = Release|x64
		{0BBFD245-1D46-49A8-B6A1-C0C2AFC2B833}.Release|x64.Build.0 = Release|x64
		{0BBFD245-1D46-49A8-B6A1-C0C2AFC2B833}.Release|x86.ActiveCfg = Release|Win32
		{0BBFD245-1D46-49A8-B6A1-C0C2AFC2B833}.Release|x86.Build.0 = Release|Win32
	EndGlobalSection
	GlobalSection(SolutionProperties) = preSolution
		HideSolutionNode = FALSE
	EndGlobalSection
	GlobalSection(ExtensibilityGlobals) = postSolution
		SolutionGuid = {87C49963-B518-490A-B842-9B77253952E3}
	EndGlobalSection
EndGlobal
